// !$*UTF8*$!
{
	archiveVersion = 1;
	classes = {
	};
	objectVersion = 56;
	objects = {

/* Begin PBXBuildFile section */
		BE22A5222AD45FE00016A4B4 /* AppDelegate.m in Sources */ = {isa = PBXBuildFile; fileRef = BE22A5212AD45FE00016A4B4 /* AppDelegate.m */; };
		BE22A5252AD45FE00016A4B4 /* ViewController.m in Sources */ = {isa = PBXBuildFile; fileRef = BE22A5242AD45FE00016A4B4 /* ViewController.m */; };
		BE22A5272AD45FE50016A4B4 /* Assets.xcassets in Resources */ = {isa = PBXBuildFile; fileRef = BE22A5262AD45FE50016A4B4 /* Assets.xcassets */; };
		BE22A52A2AD45FE50016A4B4 /* Main.storyboard in Resources */ = {isa = PBXBuildFile; fileRef = BE22A5282AD45FE50016A4B4 /* Main.storyboard */; };
		BE22A52C2AD45FE50016A4B4 /* main.m in Sources */ = {isa = PBXBuildFile; fileRef = BE22A52B2AD45FE50016A4B4 /* main.m */; };
		BE7DF27F2AD5B38F00C21259 /* ComplexNumber.metal in Sources */ = {isa = PBXBuildFile; fileRef = BE7DF27E2AD5B38F00C21259 /* ComplexNumber.metal */; };
		BE7DF2822AD5BF6000C21259 /* Compute.m in Sources */ = {isa = PBXBuildFile; fileRef = BE7DF2812AD5BF6000C21259 /* Compute.m */; };
		BE7DF2842AD5C01900C21259 /* Compute.metal in Sources */ = {isa = PBXBuildFile; fileRef = BE7DF2832AD5C01800C21259 /* Compute.metal */; };
		BE7DF28C2AD5E50A00C21259 /* KeyHandlingWindowController.m in Sources */ = {isa = PBXBuildFile; fileRef = BE7DF28B2AD5E50A00C21259 /* KeyHandlingWindowController.m */; };
		BED378722AD463C300229B62 /* Renderer.m in Sources */ = {isa = PBXBuildFile; fileRef = BED378712AD463C300229B62 /* Renderer.m */; };
		BEDCDBC82ADBB7D100EE296E /* Shaders.metal in Sources */ = {isa = PBXBuildFile; fileRef = BED3787A2AD4CF8900229B62 /* Shaders.metal */; };
/* End PBXBuildFile section */

/* Begin PBXFileReference section */
		BE22A51D2AD45FE00016A4B4 /* Metal Fractals.app */ = {isa = PBXFileReference; explicitFileType = wrapper.application; includeInIndex = 0; path = "Metal Fractals.app"; sourceTree = BUILT_PRODUCTS_DIR; };
		BE22A5202AD45FE00016A4B4 /* AppDelegate.h */ = {isa = PBXFileReference; lastKnownFileType = sourcecode.c.h; path = AppDelegate.h; sourceTree = "<group>"; };
		BE22A5212AD45FE00016A4B4 /* AppDelegate.m */ = {isa = PBXFileReference; lastKnownFileType = sourcecode.c.objc; path = AppDelegate.m; sourceTree = "<group>"; };
		BE22A5232AD45FE00016A4B4 /* ViewController.h */ = {isa = PBXFileReference; lastKnownFileType = sourcecode.c.h; path = ViewController.h; sourceTree = "<group>"; };
		BE22A5242AD45FE00016A4B4 /* ViewController.m */ = {isa = PBXFileReference; lastKnownFileType = sourcecode.c.objc; path = ViewController.m; sourceTree = "<group>"; };
		BE22A5262AD45FE50016A4B4 /* Assets.xcassets */ = {isa = PBXFileReference; lastKnownFileType = folder.assetcatalog; path = Assets.xcassets; sourceTree = "<group>"; };
		BE22A5292AD45FE50016A4B4 /* Base */ = {isa = PBXFileReference; lastKnownFileType = file.storyboard; name = Base; path = Base.lproj/Main.storyboard; sourceTree = "<group>"; };
		BE22A52B2AD45FE50016A4B4 /* main.m */ = {isa = PBXFileReference; lastKnownFileType = sourcecode.c.objc; path = main.m; sourceTree = "<group>"; };
		BE22A52D2AD45FE50016A4B4 /* Metal Fractals.entitlements */ = {isa = PBXFileReference; lastKnownFileType = text.plist.entitlements; path = "Metal Fractals.entitlements"; sourceTree = "<group>"; };
		BE7DF27E2AD5B38F00C21259 /* ComplexNumber.metal */ = {isa = PBXFileReference; lastKnownFileType = sourcecode.metal; path = ComplexNumber.metal; sourceTree = "<group>"; };
		BE7DF2802AD5BF6000C21259 /* Compute.h */ = {isa = PBXFileReference; lastKnownFileType = sourcecode.c.h; path = Compute.h; sourceTree = "<group>"; };
		BE7DF2812AD5BF6000C21259 /* Compute.m */ = {isa = PBXFileReference; lastKnownFileType = sourcecode.c.objc; path = Compute.m; sourceTree = "<group>"; };
		BE7DF2832AD5C01800C21259 /* Compute.metal */ = {isa = PBXFileReference; lastKnownFileType = sourcecode.metal; path = Compute.metal; sourceTree = "<group>"; };
		BE7DF28A2AD5E50A00C21259 /* KeyHandlingWindowController.h */ = {isa = PBXFileReference; lastKnownFileType = sourcecode.c.h; path = KeyHandlingWindowController.h; sourceTree = "<group>"; };
		BE7DF28B2AD5E50A00C21259 /* KeyHandlingWindowController.m */ = {isa = PBXFileReference; lastKnownFileType = sourcecode.c.objc; path = KeyHandlingWindowController.m; sourceTree = "<group>"; };
		BED378702AD463C300229B62 /* Renderer.h */ = {isa = PBXFileReference; lastKnownFileType = sourcecode.c.h; path = Renderer.h; sourceTree = "<group>"; };
		BED378712AD463C300229B62 /* Renderer.m */ = {isa = PBXFileReference; lastKnownFileType = sourcecode.c.objc; path = Renderer.m; sourceTree = "<group>"; };
		BED378752AD4CB9400229B62 /* MetalKit.framework */ = {isa = PBXFileReference; lastKnownFileType = wrapper.framework; name = MetalKit.framework; path = System/Library/Frameworks/MetalKit.framework; sourceTree = SDKROOT; };
		BED378772AD4CBAD00229B62 /* CoreGraphics.framework */ = {isa = PBXFileReference; lastKnownFileType = wrapper.framework; name = CoreGraphics.framework; path = System/Library/Frameworks/CoreGraphics.framework; sourceTree = SDKROOT; };
		BED378792AD4CE8E00229B62 /* ShaderDefinitions.h */ = {isa = PBXFileReference; explicitFileType = sourcecode.c.h; path = ShaderDefinitions.h; sourceTree = "<group>"; };
		BED3787A2AD4CF8900229B62 /* Shaders.metal */ = {isa = PBXFileReference; lastKnownFileType = sourcecode.metal; path = Shaders.metal; sourceTree = "<group>"; };
		BEDCDAF42ADBB45B00EE296E /* IDL_CB-BrBG.metal */ = {isa = PBXFileReference; fileEncoding = 4; lastKnownFileType = sourcecode.metal; path = "IDL_CB-BrBG.metal"; sourceTree = "<group>"; };
		BEDCDAF52ADBB45B00EE296E /* IDL_CB-YIGn.metal */ = {isa = PBXFileReference; fileEncoding = 4; lastKnownFileType = sourcecode.metal; path = "IDL_CB-YIGn.metal"; sourceTree = "<group>"; };
		BEDCDAF62ADBB45B00EE296E /* IDL_Blue_Waves.metal */ = {isa = PBXFileReference; fileEncoding = 4; lastKnownFileType = sourcecode.metal; path = IDL_Blue_Waves.metal; sourceTree = "<group>"; };
		BEDCDAF72ADBB45B00EE296E /* IDL_CB-YIGnBu.metal */ = {isa = PBXFileReference; fileEncoding = 4; lastKnownFileType = sourcecode.metal; path = "IDL_CB-YIGnBu.metal"; sourceTree = "<group>"; };
		BEDCDAF82ADBB45B00EE296E /* MATLAB_summer.metal */ = {isa = PBXFileReference; fileEncoding = 4; lastKnownFileType = sourcecode.metal; path = MATLAB_summer.metal; sourceTree = "<group>"; };
		BEDCDAF92ADBB45B00EE296E /* MATLAB_hot.metal */ = {isa = PBXFileReference; fileEncoding = 4; lastKnownFileType = sourcecode.metal; path = MATLAB_hot.metal; sourceTree = "<group>"; };
		BEDCDAFA2ADBB45B00EE296E /* IDL_CB-Blues.metal */ = {isa = PBXFileReference; fileEncoding = 4; lastKnownFileType = sourcecode.metal; path = "IDL_CB-Blues.metal"; sourceTree = "<group>"; };
		BEDCDAFB2ADBB45B00EE296E /* IDL_Blue-Red.metal */ = {isa = PBXFileReference; fileEncoding = 4; lastKnownFileType = sourcecode.metal; path = "IDL_Blue-Red.metal"; sourceTree = "<group>"; };
		BEDCDAFC2ADBB45B00EE296E /* IDL_Mac_Style.metal */ = {isa = PBXFileReference; fileEncoding = 4; lastKnownFileType = sourcecode.metal; path = IDL_Mac_Style.metal; sourceTree = "<group>"; };
		BEDCDAFD2ADBB45B00EE296E /* transform_apricot.metal */ = {isa = PBXFileReference; fileEncoding = 4; lastKnownFileType = sourcecode.metal; path = transform_apricot.metal; sourceTree = "<group>"; };
		BEDCDAFE2ADBB45B00EE296E /* IDL_Stern_Special.metal */ = {isa = PBXFileReference; fileEncoding = 4; lastKnownFileType = sourcecode.metal; path = IDL_Stern_Special.metal; sourceTree = "<group>"; };
		BEDCDAFF2ADBB45B00EE296E /* MATLAB_spring.metal */ = {isa = PBXFileReference; fileEncoding = 4; lastKnownFileType = sourcecode.metal; path = MATLAB_spring.metal; sourceTree = "<group>"; };
		BEDCDB002ADBB45B00EE296E /* IDL_CB-Pastel2.metal */ = {isa = PBXFileReference; fileEncoding = 4; lastKnownFileType = sourcecode.metal; path = "IDL_CB-Pastel2.metal"; sourceTree = "<group>"; };
		BEDCDB012ADBB45B00EE296E /* MATLAB_jet.metal */ = {isa = PBXFileReference; fileEncoding = 4; lastKnownFileType = sourcecode.metal; path = MATLAB_jet.metal; sourceTree = "<group>"; };
		BEDCDB022ADBB45B00EE296E /* transform_saturn.metal */ = {isa = PBXFileReference; fileEncoding = 4; lastKnownFileType = sourcecode.metal; path = transform_saturn.metal; sourceTree = "<group>"; };
		BEDCDB032ADBB45B00EE296E /* IDL_CB-PRGn.metal */ = {isa = PBXFileReference; fileEncoding = 4; lastKnownFileType = sourcecode.metal; path = "IDL_CB-PRGn.metal"; sourceTree = "<group>"; };
		BEDCDB042ADBB45B00EE296E /* IDL_CB-Set3.metal */ = {isa = PBXFileReference; fileEncoding = 4; lastKnownFileType = sourcecode.metal; path = "IDL_CB-Set3.metal"; sourceTree = "<group>"; };
		BEDCDB052ADBB45B00EE296E /* transform_peanut_butter_and_jerry.metal */ = {isa = PBXFileReference; fileEncoding = 4; lastKnownFileType = sourcecode.metal; path = transform_peanut_butter_and_jerry.metal; sourceTree = "<group>"; };
		BEDCDB062ADBB45B00EE296E /* IDL_Red-Purple.metal */ = {isa = PBXFileReference; fileEncoding = 4; lastKnownFileType = sourcecode.metal; path = "IDL_Red-Purple.metal"; sourceTree = "<group>"; };
		BEDCDB072ADBB45B00EE296E /* MATLAB_autumn.metal */ = {isa = PBXFileReference; fileEncoding = 4; lastKnownFileType = sourcecode.metal; path = MATLAB_autumn.metal; sourceTree = "<group>"; };
		BEDCDB082ADBB45B00EE296E /* IDL_CB-Greens.metal */ = {isa = PBXFileReference; fileEncoding = 4; lastKnownFileType = sourcecode.metal; path = "IDL_CB-Greens.metal"; sourceTree = "<group>"; };
		BEDCDB092ADBB45B00EE296E /* IDL_CB-RdGy.metal */ = {isa = PBXFileReference; fileEncoding = 4; lastKnownFileType = sourcecode.metal; path = "IDL_CB-RdGy.metal"; sourceTree = "<group>"; };
		BEDCDB0A2ADBB45B00EE296E /* IDL_CB-Set1.metal */ = {isa = PBXFileReference; fileEncoding = 4; lastKnownFileType = sourcecode.metal; path = "IDL_CB-Set1.metal"; sourceTree = "<group>"; };
		BEDCDB0B2ADBB45B00EE296E /* IDL_Ocean.metal */ = {isa = PBXFileReference; fileEncoding = 4; lastKnownFileType = sourcecode.metal; path = IDL_Ocean.metal; sourceTree = "<group>"; };
		BEDCDB0C2ADBB45B00EE296E /* IDL_CB-RdBu.metal */ = {isa = PBXFileReference; fileEncoding = 4; lastKnownFileType = sourcecode.metal; path = "IDL_CB-RdBu.metal"; sourceTree = "<group>"; };
		BEDCDB0D2ADBB45B00EE296E /* IDL_Pastels.metal */ = {isa = PBXFileReference; fileEncoding = 4; lastKnownFileType = sourcecode.metal; path = IDL_Pastels.metal; sourceTree = "<group>"; };
		BEDCDB0E2ADBB45B00EE296E /* IDL_CB-PuBu.metal */ = {isa = PBXFileReference; fileEncoding = 4; lastKnownFileType = sourcecode.metal; path = "IDL_CB-PuBu.metal"; sourceTree = "<group>"; };
		BEDCDB0F2ADBB45B00EE296E /* IDL_Prism.metal */ = {isa = PBXFileReference; fileEncoding = 4; lastKnownFileType = sourcecode.metal; path = IDL_Prism.metal; sourceTree = "<group>"; };
		BEDCDB102ADBB45B00EE296E /* IDL_Purple-Red+Stripes.metal */ = {isa = PBXFileReference; fileEncoding = 4; lastKnownFileType = sourcecode.metal; path = "IDL_Purple-Red+Stripes.metal"; sourceTree = "<group>"; };
		BEDCDB112ADBB45B00EE296E /* IDL_CB-Oranges.metal */ = {isa = PBXFileReference; fileEncoding = 4; lastKnownFileType = sourcecode.metal; path = "IDL_CB-Oranges.metal"; sourceTree = "<group>"; };
		BEDCDB122ADBB45B00EE296E /* IDL_Rainbow+White.metal */ = {isa = PBXFileReference; fileEncoding = 4; lastKnownFileType = sourcecode.metal; path = "IDL_Rainbow+White.metal"; sourceTree = "<group>"; };
		BEDCDB132ADBB45B00EE296E /* transform_morning_glory.metal */ = {isa = PBXFileReference; fileEncoding = 4; lastKnownFileType = sourcecode.metal; path = transform_morning_glory.metal; sourceTree = "<group>"; };
		BEDCDB142ADBB45B00EE296E /* transform_space.metal */ = {isa = PBXFileReference; fileEncoding = 4; lastKnownFileType = sourcecode.metal; path = transform_space.metal; sourceTree = "<group>"; };
		BEDCDB152ADBB45B00EE296E /* IDL_16_Level.metal */ = {isa = PBXFileReference; fileEncoding = 4; lastKnownFileType = sourcecode.metal; path = IDL_16_Level.metal; sourceTree = "<group>"; };
		BEDCDB162ADBB45B00EE296E /* IDL_CB-GnBu.metal */ = {isa = PBXFileReference; fileEncoding = 4; lastKnownFileType = sourcecode.metal; path = "IDL_CB-GnBu.metal"; sourceTree = "<group>"; };
		BEDCDB172ADBB45B00EE296E /* IDL_CB-Accent.metal */ = {isa = PBXFileReference; fileEncoding = 4; lastKnownFileType = sourcecode.metal; path = "IDL_CB-Accent.metal"; sourceTree = "<group>"; };
		BEDCDB182ADBB45B00EE296E /* IDL_CB-OrRd.metal */ = {isa = PBXFileReference; fileEncoding = 4; lastKnownFileType = sourcecode.metal; path = "IDL_CB-OrRd.metal"; sourceTree = "<group>"; };
		BEDCDB192ADBB45B00EE296E /* transform_lava_waves.metal */ = {isa = PBXFileReference; fileEncoding = 4; lastKnownFileType = sourcecode.metal; path = transform_lava_waves.metal; sourceTree = "<group>"; };
		BEDCDB1A2ADBB45B00EE296E /* IDL_CB-Purples.metal */ = {isa = PBXFileReference; fileEncoding = 4; lastKnownFileType = sourcecode.metal; path = "IDL_CB-Purples.metal"; sourceTree = "<group>"; };
		BEDCDB1B2ADBB45B00EE296E /* IDL_CB-Greys.metal */ = {isa = PBXFileReference; fileEncoding = 4; lastKnownFileType = sourcecode.metal; path = "IDL_CB-Greys.metal"; sourceTree = "<group>"; };
		BEDCDB1C2ADBB45B00EE296E /* IDL_CB-BuPu.metal */ = {isa = PBXFileReference; fileEncoding = 4; lastKnownFileType = sourcecode.metal; path = "IDL_CB-BuPu.metal"; sourceTree = "<group>"; };
		BEDCDB1D2ADBB45B00EE296E /* IDL_CB-PiYG.metal */ = {isa = PBXFileReference; fileEncoding = 4; lastKnownFileType = sourcecode.metal; path = "IDL_CB-PiYG.metal"; sourceTree = "<group>"; };
		BEDCDB1E2ADBB45B00EE296E /* MATLAB_parula.metal */ = {isa = PBXFileReference; fileEncoding = 4; lastKnownFileType = sourcecode.metal; path = MATLAB_parula.metal; sourceTree = "<group>"; };
		BEDCDB1F2ADBB45B00EE296E /* MATLAB_hsv.metal */ = {isa = PBXFileReference; fileEncoding = 4; lastKnownFileType = sourcecode.metal; path = MATLAB_hsv.metal; sourceTree = "<group>"; };
		BEDCDB202ADBB45B00EE296E /* transform_seismic.metal */ = {isa = PBXFileReference; fileEncoding = 4; lastKnownFileType = sourcecode.metal; path = transform_seismic.metal; sourceTree = "<group>"; };
		BEDCDB212ADBB45B00EE296E /* MATLAB_winter.metal */ = {isa = PBXFileReference; fileEncoding = 4; lastKnownFileType = sourcecode.metal; path = MATLAB_winter.metal; sourceTree = "<group>"; };
		BEDCDB222ADBB45B00EE296E /* IDL_Blue-Red_2.metal */ = {isa = PBXFileReference; fileEncoding = 4; lastKnownFileType = sourcecode.metal; path = "IDL_Blue-Red_2.metal"; sourceTree = "<group>"; };
		BEDCDB232ADBB45B00EE296E /* IDL_CB-RdPu.metal */ = {isa = PBXFileReference; fileEncoding = 4; lastKnownFileType = sourcecode.metal; path = "IDL_CB-RdPu.metal"; sourceTree = "<group>"; };
		BEDCDB242ADBB45B00EE296E /* IDL_CB-Pastel1.metal */ = {isa = PBXFileReference; fileEncoding = 4; lastKnownFileType = sourcecode.metal; path = "IDL_CB-Pastel1.metal"; sourceTree = "<group>"; };
		BEDCDB252ADBB45B00EE296E /* transform_carnation.metal */ = {isa = PBXFileReference; fileEncoding = 4; lastKnownFileType = sourcecode.metal; path = transform_carnation.metal; sourceTree = "<group>"; };
		BEDCDB262ADBB45B00EE296E /* transform_rose.metal */ = {isa = PBXFileReference; fileEncoding = 4; lastKnownFileType = sourcecode.metal; path = transform_rose.metal; sourceTree = "<group>"; };
		BEDCDB272ADBB45B00EE296E /* IDL_CB-RdYiBu.metal */ = {isa = PBXFileReference; fileEncoding = 4; lastKnownFileType = sourcecode.metal; path = "IDL_CB-RdYiBu.metal"; sourceTree = "<group>"; };
		BEDCDB282ADBB45B00EE296E /* IDL_Waves.metal */ = {isa = PBXFileReference; fileEncoding = 4; lastKnownFileType = sourcecode.metal; path = IDL_Waves.metal; sourceTree = "<group>"; };
		BEDCDB292ADBB45B00EE296E /* IDL_CB-Reds.metal */ = {isa = PBXFileReference; fileEncoding = 4; lastKnownFileType = sourcecode.metal; path = "IDL_CB-Reds.metal"; sourceTree = "<group>"; };
		BEDCDB2A2ADBB45B00EE296E /* IDL_Green-White_Linear.metal */ = {isa = PBXFileReference; fileEncoding = 4; lastKnownFileType = sourcecode.metal; path = "IDL_Green-White_Linear.metal"; sourceTree = "<group>"; };
		BEDCDB2B2ADBB45B00EE296E /* IDL_Green-Pink.metal */ = {isa = PBXFileReference; fileEncoding = 4; lastKnownFileType = sourcecode.metal; path = "IDL_Green-Pink.metal"; sourceTree = "<group>"; };
		BEDCDB2C2ADBB45B00EE296E /* IDL_Red_Temperature.metal */ = {isa = PBXFileReference; fileEncoding = 4; lastKnownFileType = sourcecode.metal; path = IDL_Red_Temperature.metal; sourceTree = "<group>"; };
		BEDCDB2D2ADBB45B00EE296E /* IDL_CB-Set2.metal */ = {isa = PBXFileReference; fileEncoding = 4; lastKnownFileType = sourcecode.metal; path = "IDL_CB-Set2.metal"; sourceTree = "<group>"; };
		BEDCDB2E2ADBB45B00EE296E /* IDL_Blue-Green-Red-Yellow.metal */ = {isa = PBXFileReference; fileEncoding = 4; lastKnownFileType = sourcecode.metal; path = "IDL_Blue-Green-Red-Yellow.metal"; sourceTree = "<group>"; };
		BEDCDB2F2ADBB45B00EE296E /* IDL_Hue_Sat_Lightness_1.metal */ = {isa = PBXFileReference; fileEncoding = 4; lastKnownFileType = sourcecode.metal; path = IDL_Hue_Sat_Lightness_1.metal; sourceTree = "<group>"; };
		BEDCDB302ADBB45B00EE296E /* IDL_CB-Dark2.metal */ = {isa = PBXFileReference; fileEncoding = 4; lastKnownFileType = sourcecode.metal; path = "IDL_CB-Dark2.metal"; sourceTree = "<group>"; };
		BEDCDB312ADBB45B00EE296E /* IDL_CB-RdYiGn.metal */ = {isa = PBXFileReference; fileEncoding = 4; lastKnownFileType = sourcecode.metal; path = "IDL_CB-RdYiGn.metal"; sourceTree = "<group>"; };
		BEDCDB322ADBB45B00EE296E /* IDL_Rainbow.metal */ = {isa = PBXFileReference; fileEncoding = 4; lastKnownFileType = sourcecode.metal; path = IDL_Rainbow.metal; sourceTree = "<group>"; };
		BEDCDB332ADBB45B00EE296E /* IDL_CB-Spectral.metal */ = {isa = PBXFileReference; fileEncoding = 4; lastKnownFileType = sourcecode.metal; path = "IDL_CB-Spectral.metal"; sourceTree = "<group>"; };
		BEDCDB342ADBB45B00EE296E /* transform_grayscale_banded.metal */ = {isa = PBXFileReference; fileEncoding = 4; lastKnownFileType = sourcecode.metal; path = transform_grayscale_banded.metal; sourceTree = "<group>"; };
		BEDCDB352ADBB45B00EE296E /* colormaps.metal */ = {isa = PBXFileReference; fileEncoding = 4; lastKnownFileType = sourcecode.metal; path = colormaps.metal; sourceTree = "<group>"; };
		BEDCDB362ADBB45B00EE296E /* IDL_Beach.metal */ = {isa = PBXFileReference; fileEncoding = 4; lastKnownFileType = sourcecode.metal; path = IDL_Beach.metal; sourceTree = "<group>"; };
		BEDCDB372ADBB45B00EE296E /* transform_rainbow.metal */ = {isa = PBXFileReference; fileEncoding = 4; lastKnownFileType = sourcecode.metal; path = transform_rainbow.metal; sourceTree = "<group>"; };
		BEDCDB382ADBB45B00EE296E /* gnuplot.metal */ = {isa = PBXFileReference; fileEncoding = 4; lastKnownFileType = sourcecode.metal; path = gnuplot.metal; sourceTree = "<group>"; };
		BEDCDB392ADBB45B00EE296E /* IDL_Plasma.metal */ = {isa = PBXFileReference; fileEncoding = 4; lastKnownFileType = sourcecode.metal; path = IDL_Plasma.metal; sourceTree = "<group>"; };
		BEDCDB3A2ADBB45B00EE296E /* transform_supernova.metal */ = {isa = PBXFileReference; fileEncoding = 4; lastKnownFileType = sourcecode.metal; path = transform_supernova.metal; sourceTree = "<group>"; };
		BEDCDB3B2ADBB45B00EE296E /* IDL_Hue_Sat_Value_2.metal */ = {isa = PBXFileReference; fileEncoding = 4; lastKnownFileType = sourcecode.metal; path = IDL_Hue_Sat_Value_2.metal; sourceTree = "<group>"; };
		BEDCDB3C2ADBB45B00EE296E /* IDL_Green-Red-Blue-White.metal */ = {isa = PBXFileReference; fileEncoding = 4; lastKnownFileType = sourcecode.metal; path = "IDL_Green-Red-Blue-White.metal"; sourceTree = "<group>"; };
		BEDCDB3D2ADBB45B00EE296E /* IDL_CB-PuBuGn.metal */ = {isa = PBXFileReference; fileEncoding = 4; lastKnownFileType = sourcecode.metal; path = "IDL_CB-PuBuGn.metal"; sourceTree = "<group>"; };
		BEDCDB3E2ADBB45B00EE296E /* IDL_Rainbow_2.metal */ = {isa = PBXFileReference; fileEncoding = 4; lastKnownFileType = sourcecode.metal; path = IDL_Rainbow_2.metal; sourceTree = "<group>"; };
		BEDCDB3F2ADBB45B00EE296E /* transform_purple_haze.metal */ = {isa = PBXFileReference; fileEncoding = 4; lastKnownFileType = sourcecode.metal; path = transform_purple_haze.metal; sourceTree = "<group>"; };
		BEDCDB402ADBB45B00EE296E /* IDL_Haze.metal */ = {isa = PBXFileReference; fileEncoding = 4; lastKnownFileType = sourcecode.metal; path = IDL_Haze.metal; sourceTree = "<group>"; };
		BEDCDB412ADBB45B00EE296E /* IDL_CB-PuOr.metal */ = {isa = PBXFileReference; fileEncoding = 4; lastKnownFileType = sourcecode.metal; path = "IDL_CB-PuOr.metal"; sourceTree = "<group>"; };
		BEDCDB422ADBB45B00EE296E /* transform_hot_metal.metal */ = {isa = PBXFileReference; fileEncoding = 4; lastKnownFileType = sourcecode.metal; path = transform_hot_metal.metal; sourceTree = "<group>"; };
		BEDCDB432ADBB45B00EE296E /* IDL_Peppermint.metal */ = {isa = PBXFileReference; fileEncoding = 4; lastKnownFileType = sourcecode.metal; path = IDL_Peppermint.metal; sourceTree = "<group>"; };
		BEDCDB442ADBB45B00EE296E /* MATLAB_cool.metal */ = {isa = PBXFileReference; fileEncoding = 4; lastKnownFileType = sourcecode.metal; path = MATLAB_cool.metal; sourceTree = "<group>"; };
		BEDCDB452ADBB45B00EE296E /* IDL_Eos_B.metal */ = {isa = PBXFileReference; fileEncoding = 4; lastKnownFileType = sourcecode.metal; path = IDL_Eos_B.metal; sourceTree = "<group>"; };
		BEDCDB462ADBB45B00EE296E /* IDL_CB-Paired.metal */ = {isa = PBXFileReference; fileEncoding = 4; lastKnownFileType = sourcecode.metal; path = "IDL_CB-Paired.metal"; sourceTree = "<group>"; };
		BEDCDB472ADBB45B00EE296E /* MATLAB_pink.metal */ = {isa = PBXFileReference; fileEncoding = 4; lastKnownFileType = sourcecode.metal; path = MATLAB_pink.metal; sourceTree = "<group>"; };
		BEDCDB482ADBB45B00EE296E /* IDL_Blue-Pastel-Red.metal */ = {isa = PBXFileReference; fileEncoding = 4; lastKnownFileType = sourcecode.metal; path = "IDL_Blue-Pastel-Red.metal"; sourceTree = "<group>"; };
		BEDCDB492ADBB45B00EE296E /* MATLAB_bone.metal */ = {isa = PBXFileReference; fileEncoding = 4; lastKnownFileType = sourcecode.metal; path = MATLAB_bone.metal; sourceTree = "<group>"; };
		BEDCDB4A2ADBB45B00EE296E /* IDL_Steps.metal */ = {isa = PBXFileReference; fileEncoding = 4; lastKnownFileType = sourcecode.metal; path = IDL_Steps.metal; sourceTree = "<group>"; };
		BEDCDB4B2ADBB45B00EE296E /* IDL_Blue-White_Linear.metal */ = {isa = PBXFileReference; fileEncoding = 4; lastKnownFileType = sourcecode.metal; path = "IDL_Blue-White_Linear.metal"; sourceTree = "<group>"; };
		BEDCDB4C2ADBB45B00EE296E /* IDL_Rainbow_18.metal */ = {isa = PBXFileReference; fileEncoding = 4; lastKnownFileType = sourcecode.metal; path = IDL_Rainbow_18.metal; sourceTree = "<group>"; };
		BEDCDB4D2ADBB45B00EE296E /* IDL_Hue_Sat_Lightness_2.metal */ = {isa = PBXFileReference; fileEncoding = 4; lastKnownFileType = sourcecode.metal; path = IDL_Hue_Sat_Lightness_2.metal; sourceTree = "<group>"; };
		BEDCDB4E2ADBB45B00EE296E /* IDL_CB-YIOrBr.metal */ = {isa = PBXFileReference; fileEncoding = 4; lastKnownFileType = sourcecode.metal; path = "IDL_CB-YIOrBr.metal"; sourceTree = "<group>"; };
		BEDCDB4F2ADBB45B00EE296E /* IDL_Standard_Gamma-II.metal */ = {isa = PBXFileReference; fileEncoding = 4; lastKnownFileType = sourcecode.metal; path = "IDL_Standard_Gamma-II.metal"; sourceTree = "<group>"; };
		BEDCDB502ADBB45B00EE296E /* IDL_Hue_Sat_Value_1.metal */ = {isa = PBXFileReference; fileEncoding = 4; lastKnownFileType = sourcecode.metal; path = IDL_Hue_Sat_Value_1.metal; sourceTree = "<group>"; };
		BEDCDB512ADBB45B00EE296E /* MATLAB_copper.metal */ = {isa = PBXFileReference; fileEncoding = 4; lastKnownFileType = sourcecode.metal; path = MATLAB_copper.metal; sourceTree = "<group>"; };
		BEDCDB522ADBB45B00EE296E /* transform_malachite.metal */ = {isa = PBXFileReference; fileEncoding = 4; lastKnownFileType = sourcecode.metal; path = transform_malachite.metal; sourceTree = "<group>"; };
		BEDCDB532ADBB45B00EE296E /* IDL_Volcano.metal */ = {isa = PBXFileReference; fileEncoding = 4; lastKnownFileType = sourcecode.metal; path = IDL_Volcano.metal; sourceTree = "<group>"; };
		BEDCDB542ADBB45B00EE296E /* transform_ether.metal */ = {isa = PBXFileReference; fileEncoding = 4; lastKnownFileType = sourcecode.metal; path = transform_ether.metal; sourceTree = "<group>"; };
		BEDCDB552ADBB45B00EE296E /* IDL_Hardcandy.metal */ = {isa = PBXFileReference; fileEncoding = 4; lastKnownFileType = sourcecode.metal; path = IDL_Hardcandy.metal; sourceTree = "<group>"; };
		BEDCDB562ADBB45B00EE296E /* IDL_Nature.metal */ = {isa = PBXFileReference; fileEncoding = 4; lastKnownFileType = sourcecode.metal; path = IDL_Nature.metal; sourceTree = "<group>"; };
		BEDCDB572ADBB45B00EE296E /* IDL_Rainbow+Black.metal */ = {isa = PBXFileReference; fileEncoding = 4; lastKnownFileType = sourcecode.metal; path = "IDL_Rainbow+Black.metal"; sourceTree = "<group>"; };
		BEDCDB582ADBB45B00EE296E /* IDL_Green-White_Exponential.metal */ = {isa = PBXFileReference; fileEncoding = 4; lastKnownFileType = sourcecode.metal; path = "IDL_Green-White_Exponential.metal"; sourceTree = "<group>"; };
		BEDCDB592ADBB45B00EE296E /* IDL_Black-White_Linear.metal */ = {isa = PBXFileReference; fileEncoding = 4; lastKnownFileType = sourcecode.metal; path = "IDL_Black-White_Linear.metal"; sourceTree = "<group>"; };
		BEDCDB5A2ADBB45B00EE296E /* IDL_CB-BuGn.metal */ = {isa = PBXFileReference; fileEncoding = 4; lastKnownFileType = sourcecode.metal; path = "IDL_CB-BuGn.metal"; sourceTree = "<group>"; };
		BEDCDB5B2ADBB45B00EE296E /* IDL_CB-PuRd.metal */ = {isa = PBXFileReference; fileEncoding = 4; lastKnownFileType = sourcecode.metal; path = "IDL_CB-PuRd.metal"; sourceTree = "<group>"; };
		BEDCDB5C2ADBB45B00EE296E /* kbinani_altitude.metal */ = {isa = PBXFileReference; fileEncoding = 4; lastKnownFileType = sourcecode.metal; path = kbinani_altitude.metal; sourceTree = "<group>"; };
		BEDCDB5D2ADBB45B00EE296E /* IDL_Eos_A.metal */ = {isa = PBXFileReference; fileEncoding = 4; lastKnownFileType = sourcecode.metal; path = IDL_Eos_A.metal; sourceTree = "<group>"; };
/* End PBXFileReference section */

/* Begin PBXFrameworksBuildPhase section */
		BE22A51A2AD45FE00016A4B4 /* Frameworks */ = {
			isa = PBXFrameworksBuildPhase;
			buildActionMask = 2147483647;
			files = (
			);
			runOnlyForDeploymentPostprocessing = 0;
		};
/* End PBXFrameworksBuildPhase section */

/* Begin PBXGroup section */
		BE22A5142AD45FE00016A4B4 = {
			isa = PBXGroup;
			children = (
				BE22A51F2AD45FE00016A4B4 /* Metal Fractals */,
				BE22A51E2AD45FE00016A4B4 /* Products */,
				BED378742AD4CB9400229B62 /* Frameworks */,
			);
			sourceTree = "<group>";
		};
		BE22A51E2AD45FE00016A4B4 /* Products */ = {
			isa = PBXGroup;
			children = (
				BE22A51D2AD45FE00016A4B4 /* Metal Fractals.app */,
			);
			name = Products;
			sourceTree = "<group>";
		};
		BE22A51F2AD45FE00016A4B4 /* Metal Fractals */ = {
			isa = PBXGroup;
			children = (
				BE22A5202AD45FE00016A4B4 /* AppDelegate.h */,
				BE22A5212AD45FE00016A4B4 /* AppDelegate.m */,
				BE22A5232AD45FE00016A4B4 /* ViewController.h */,
				BE22A5242AD45FE00016A4B4 /* ViewController.m */,
				BE7DF28A2AD5E50A00C21259 /* KeyHandlingWindowController.h */,
				BE7DF28B2AD5E50A00C21259 /* KeyHandlingWindowController.m */,
				BED378732AD463D300229B62 /* Renderer */,
				BE22A5262AD45FE50016A4B4 /* Assets.xcassets */,
				BE22A5282AD45FE50016A4B4 /* Main.storyboard */,
				BE22A52B2AD45FE50016A4B4 /* main.m */,
				BE22A52D2AD45FE50016A4B4 /* Metal Fractals.entitlements */,
			);
			path = "Metal Fractals";
			sourceTree = "<group>";
		};
		BED378732AD463D300229B62 /* Renderer */ = {
			isa = PBXGroup;
			children = (
				BEDCDAF32ADBB45B00EE296E /* Colormaps */,
				BED378702AD463C300229B62 /* Renderer.h */,
				BED378712AD463C300229B62 /* Renderer.m */,
				BED378792AD4CE8E00229B62 /* ShaderDefinitions.h */,
				BE7DF2802AD5BF6000C21259 /* Compute.h */,
				BE7DF2812AD5BF6000C21259 /* Compute.m */,
				BED3787A2AD4CF8900229B62 /* Shaders.metal */,
				BE7DF2832AD5C01800C21259 /* Compute.metal */,
				BE7DF27E2AD5B38F00C21259 /* ComplexNumber.metal */,
			);
			path = Renderer;
			sourceTree = "<group>";
		};
		BED378742AD4CB9400229B62 /* Frameworks */ = {
			isa = PBXGroup;
			children = (
				BED378772AD4CBAD00229B62 /* CoreGraphics.framework */,
				BED378752AD4CB9400229B62 /* MetalKit.framework */,
			);
			name = Frameworks;
			sourceTree = "<group>";
		};
		BEDCDAF32ADBB45B00EE296E /* Colormaps */ = {
			isa = PBXGroup;
			children = (
				BEDCDAF42ADBB45B00EE296E /* IDL_CB-BrBG.metal */,
				BEDCDAF52ADBB45B00EE296E /* IDL_CB-YIGn.metal */,
				BEDCDAF62ADBB45B00EE296E /* IDL_Blue_Waves.metal */,
				BEDCDAF72ADBB45B00EE296E /* IDL_CB-YIGnBu.metal */,
				BEDCDAF82ADBB45B00EE296E /* MATLAB_summer.metal */,
				BEDCDAF92ADBB45B00EE296E /* MATLAB_hot.metal */,
				BEDCDAFA2ADBB45B00EE296E /* IDL_CB-Blues.metal */,
				BEDCDAFB2ADBB45B00EE296E /* IDL_Blue-Red.metal */,
				BEDCDAFC2ADBB45B00EE296E /* IDL_Mac_Style.metal */,
				BEDCDAFD2ADBB45B00EE296E /* transform_apricot.metal */,
				BEDCDAFE2ADBB45B00EE296E /* IDL_Stern_Special.metal */,
				BEDCDAFF2ADBB45B00EE296E /* MATLAB_spring.metal */,
				BEDCDB002ADBB45B00EE296E /* IDL_CB-Pastel2.metal */,
				BEDCDB012ADBB45B00EE296E /* MATLAB_jet.metal */,
				BEDCDB022ADBB45B00EE296E /* transform_saturn.metal */,
				BEDCDB032ADBB45B00EE296E /* IDL_CB-PRGn.metal */,
				BEDCDB042ADBB45B00EE296E /* IDL_CB-Set3.metal */,
				BEDCDB052ADBB45B00EE296E /* transform_peanut_butter_and_jerry.metal */,
				BEDCDB062ADBB45B00EE296E /* IDL_Red-Purple.metal */,
				BEDCDB072ADBB45B00EE296E /* MATLAB_autumn.metal */,
				BEDCDB082ADBB45B00EE296E /* IDL_CB-Greens.metal */,
				BEDCDB092ADBB45B00EE296E /* IDL_CB-RdGy.metal */,
				BEDCDB0A2ADBB45B00EE296E /* IDL_CB-Set1.metal */,
				BEDCDB0B2ADBB45B00EE296E /* IDL_Ocean.metal */,
				BEDCDB0C2ADBB45B00EE296E /* IDL_CB-RdBu.metal */,
				BEDCDB0D2ADBB45B00EE296E /* IDL_Pastels.metal */,
				BEDCDB0E2ADBB45B00EE296E /* IDL_CB-PuBu.metal */,
				BEDCDB0F2ADBB45B00EE296E /* IDL_Prism.metal */,
				BEDCDB102ADBB45B00EE296E /* IDL_Purple-Red+Stripes.metal */,
				BEDCDB112ADBB45B00EE296E /* IDL_CB-Oranges.metal */,
				BEDCDB122ADBB45B00EE296E /* IDL_Rainbow+White.metal */,
				BEDCDB132ADBB45B00EE296E /* transform_morning_glory.metal */,
				BEDCDB142ADBB45B00EE296E /* transform_space.metal */,
				BEDCDB152ADBB45B00EE296E /* IDL_16_Level.metal */,
				BEDCDB162ADBB45B00EE296E /* IDL_CB-GnBu.metal */,
				BEDCDB172ADBB45B00EE296E /* IDL_CB-Accent.metal */,
				BEDCDB182ADBB45B00EE296E /* IDL_CB-OrRd.metal */,
				BEDCDB192ADBB45B00EE296E /* transform_lava_waves.metal */,
				BEDCDB1A2ADBB45B00EE296E /* IDL_CB-Purples.metal */,
				BEDCDB1B2ADBB45B00EE296E /* IDL_CB-Greys.metal */,
				BEDCDB1C2ADBB45B00EE296E /* IDL_CB-BuPu.metal */,
				BEDCDB1D2ADBB45B00EE296E /* IDL_CB-PiYG.metal */,
				BEDCDB1E2ADBB45B00EE296E /* MATLAB_parula.metal */,
				BEDCDB1F2ADBB45B00EE296E /* MATLAB_hsv.metal */,
				BEDCDB202ADBB45B00EE296E /* transform_seismic.metal */,
				BEDCDB212ADBB45B00EE296E /* MATLAB_winter.metal */,
				BEDCDB222ADBB45B00EE296E /* IDL_Blue-Red_2.metal */,
				BEDCDB232ADBB45B00EE296E /* IDL_CB-RdPu.metal */,
				BEDCDB242ADBB45B00EE296E /* IDL_CB-Pastel1.metal */,
				BEDCDB252ADBB45B00EE296E /* transform_carnation.metal */,
				BEDCDB262ADBB45B00EE296E /* transform_rose.metal */,
				BEDCDB272ADBB45B00EE296E /* IDL_CB-RdYiBu.metal */,
				BEDCDB282ADBB45B00EE296E /* IDL_Waves.metal */,
				BEDCDB292ADBB45B00EE296E /* IDL_CB-Reds.metal */,
				BEDCDB2A2ADBB45B00EE296E /* IDL_Green-White_Linear.metal */,
				BEDCDB2B2ADBB45B00EE296E /* IDL_Green-Pink.metal */,
				BEDCDB2C2ADBB45B00EE296E /* IDL_Red_Temperature.metal */,
				BEDCDB2D2ADBB45B00EE296E /* IDL_CB-Set2.metal */,
				BEDCDB2E2ADBB45B00EE296E /* IDL_Blue-Green-Red-Yellow.metal */,
				BEDCDB2F2ADBB45B00EE296E /* IDL_Hue_Sat_Lightness_1.metal */,
				BEDCDB302ADBB45B00EE296E /* IDL_CB-Dark2.metal */,
				BEDCDB312ADBB45B00EE296E /* IDL_CB-RdYiGn.metal */,
				BEDCDB322ADBB45B00EE296E /* IDL_Rainbow.metal */,
				BEDCDB332ADBB45B00EE296E /* IDL_CB-Spectral.metal */,
				BEDCDB342ADBB45B00EE296E /* transform_grayscale_banded.metal */,
				BEDCDB352ADBB45B00EE296E /* colormaps.metal */,
				BEDCDB362ADBB45B00EE296E /* IDL_Beach.metal */,
				BEDCDB372ADBB45B00EE296E /* transform_rainbow.metal */,
				BEDCDB382ADBB45B00EE296E /* gnuplot.metal */,
				BEDCDB392ADBB45B00EE296E /* IDL_Plasma.metal */,
				BEDCDB3A2ADBB45B00EE296E /* transform_supernova.metal */,
				BEDCDB3B2ADBB45B00EE296E /* IDL_Hue_Sat_Value_2.metal */,
				BEDCDB3C2ADBB45B00EE296E /* IDL_Green-Red-Blue-White.metal */,
				BEDCDB3D2ADBB45B00EE296E /* IDL_CB-PuBuGn.metal */,
				BEDCDB3E2ADBB45B00EE296E /* IDL_Rainbow_2.metal */,
				BEDCDB3F2ADBB45B00EE296E /* transform_purple_haze.metal */,
				BEDCDB402ADBB45B00EE296E /* IDL_Haze.metal */,
				BEDCDB412ADBB45B00EE296E /* IDL_CB-PuOr.metal */,
				BEDCDB422ADBB45B00EE296E /* transform_hot_metal.metal */,
				BEDCDB432ADBB45B00EE296E /* IDL_Peppermint.metal */,
				BEDCDB442ADBB45B00EE296E /* MATLAB_cool.metal */,
				BEDCDB452ADBB45B00EE296E /* IDL_Eos_B.metal */,
				BEDCDB462ADBB45B00EE296E /* IDL_CB-Paired.metal */,
				BEDCDB472ADBB45B00EE296E /* MATLAB_pink.metal */,
				BEDCDB482ADBB45B00EE296E /* IDL_Blue-Pastel-Red.metal */,
				BEDCDB492ADBB45B00EE296E /* MATLAB_bone.metal */,
				BEDCDB4A2ADBB45B00EE296E /* IDL_Steps.metal */,
				BEDCDB4B2ADBB45B00EE296E /* IDL_Blue-White_Linear.metal */,
				BEDCDB4C2ADBB45B00EE296E /* IDL_Rainbow_18.metal */,
				BEDCDB4D2ADBB45B00EE296E /* IDL_Hue_Sat_Lightness_2.metal */,
				BEDCDB4E2ADBB45B00EE296E /* IDL_CB-YIOrBr.metal */,
				BEDCDB4F2ADBB45B00EE296E /* IDL_Standard_Gamma-II.metal */,
				BEDCDB502ADBB45B00EE296E /* IDL_Hue_Sat_Value_1.metal */,
				BEDCDB512ADBB45B00EE296E /* MATLAB_copper.metal */,
				BEDCDB522ADBB45B00EE296E /* transform_malachite.metal */,
				BEDCDB532ADBB45B00EE296E /* IDL_Volcano.metal */,
				BEDCDB542ADBB45B00EE296E /* transform_ether.metal */,
				BEDCDB552ADBB45B00EE296E /* IDL_Hardcandy.metal */,
				BEDCDB562ADBB45B00EE296E /* IDL_Nature.metal */,
				BEDCDB572ADBB45B00EE296E /* IDL_Rainbow+Black.metal */,
				BEDCDB582ADBB45B00EE296E /* IDL_Green-White_Exponential.metal */,
				BEDCDB592ADBB45B00EE296E /* IDL_Black-White_Linear.metal */,
				BEDCDB5A2ADBB45B00EE296E /* IDL_CB-BuGn.metal */,
				BEDCDB5B2ADBB45B00EE296E /* IDL_CB-PuRd.metal */,
				BEDCDB5C2ADBB45B00EE296E /* kbinani_altitude.metal */,
				BEDCDB5D2ADBB45B00EE296E /* IDL_Eos_A.metal */,
			);
			path = Colormaps;
			sourceTree = "<group>";
		};
/* End PBXGroup section */

/* Begin PBXNativeTarget section */
		BE22A51C2AD45FE00016A4B4 /* Metal Fractals */ = {
			isa = PBXNativeTarget;
			buildConfigurationList = BE22A5302AD45FE50016A4B4 /* Build configuration list for PBXNativeTarget "Metal Fractals" */;
			buildPhases = (
				BE22A5192AD45FE00016A4B4 /* Sources */,
				BE22A51A2AD45FE00016A4B4 /* Frameworks */,
				BE22A51B2AD45FE00016A4B4 /* Resources */,
			);
			buildRules = (
			);
			dependencies = (
			);
			name = "Metal Fractals";
			productName = shaders;
			productReference = BE22A51D2AD45FE00016A4B4 /* Metal Fractals.app */;
			productType = "com.apple.product-type.application";
		};
/* End PBXNativeTarget section */

/* Begin PBXProject section */
		BE22A5152AD45FE00016A4B4 /* Project object */ = {
			isa = PBXProject;
			attributes = {
				BuildIndependentTargetsInParallel = 1;
				LastUpgradeCheck = 1500;
				TargetAttributes = {
					BE22A51C2AD45FE00016A4B4 = {
						CreatedOnToolsVersion = 15.0;
					};
				};
			};
			buildConfigurationList = BE22A5182AD45FE00016A4B4 /* Build configuration list for PBXProject "Metal Fractals" */;
			compatibilityVersion = "Xcode 14.0";
			developmentRegion = en;
			hasScannedForEncodings = 0;
			knownRegions = (
				en,
				Base,
			);
			mainGroup = BE22A5142AD45FE00016A4B4;
			productRefGroup = BE22A51E2AD45FE00016A4B4 /* Products */;
			projectDirPath = "";
			projectRoot = "";
			targets = (
				BE22A51C2AD45FE00016A4B4 /* Metal Fractals */,
			);
		};
/* End PBXProject section */

/* Begin PBXResourcesBuildPhase section */
		BE22A51B2AD45FE00016A4B4 /* Resources */ = {
			isa = PBXResourcesBuildPhase;
			buildActionMask = 2147483647;
			files = (
				BE22A5272AD45FE50016A4B4 /* Assets.xcassets in Resources */,
				BE22A52A2AD45FE50016A4B4 /* Main.storyboard in Resources */,
			);
			runOnlyForDeploymentPostprocessing = 0;
		};
/* End PBXResourcesBuildPhase section */

/* Begin PBXSourcesBuildPhase section */
		BE22A5192AD45FE00016A4B4 /* Sources */ = {
			isa = PBXSourcesBuildPhase;
			buildActionMask = 2147483647;
			files = (
				BEDCDBC82ADBB7D100EE296E /* Shaders.metal in Sources */,
				BED378722AD463C300229B62 /* Renderer.m in Sources */,
				BE7DF27F2AD5B38F00C21259 /* ComplexNumber.metal in Sources */,
				BE22A5252AD45FE00016A4B4 /* ViewController.m in Sources */,
				BE7DF2842AD5C01900C21259 /* Compute.metal in Sources */,
				BE22A52C2AD45FE50016A4B4 /* main.m in Sources */,
				BE22A5222AD45FE00016A4B4 /* AppDelegate.m in Sources */,
				BE7DF28C2AD5E50A00C21259 /* KeyHandlingWindowController.m in Sources */,
				BE7DF2822AD5BF6000C21259 /* Compute.m in Sources */,
			);
			runOnlyForDeploymentPostprocessing = 0;
		};
/* End PBXSourcesBuildPhase section */

/* Begin PBXVariantGroup section */
		BE22A5282AD45FE50016A4B4 /* Main.storyboard */ = {
			isa = PBXVariantGroup;
			children = (
				BE22A5292AD45FE50016A4B4 /* Base */,
			);
			name = Main.storyboard;
			sourceTree = "<group>";
		};
/* End PBXVariantGroup section */

/* Begin XCBuildConfiguration section */
		BE22A52E2AD45FE50016A4B4 /* Debug */ = {
			isa = XCBuildConfiguration;
			buildSettings = {
				ALWAYS_SEARCH_USER_PATHS = NO;
				ASSETCATALOG_COMPILER_GENERATE_SWIFT_ASSET_SYMBOL_EXTENSIONS = YES;
				CLANG_ANALYZER_NONNULL = YES;
				CLANG_ANALYZER_NUMBER_OBJECT_CONVERSION = YES_AGGRESSIVE;
				CLANG_CXX_LANGUAGE_STANDARD = "gnu++20";
				CLANG_ENABLE_MODULES = YES;
				CLANG_ENABLE_OBJC_ARC = YES;
				CLANG_ENABLE_OBJC_WEAK = YES;
				CLANG_WARN_BLOCK_CAPTURE_AUTORELEASING = YES;
				CLANG_WARN_BOOL_CONVERSION = YES;
				CLANG_WARN_COMMA = YES;
				CLANG_WARN_CONSTANT_CONVERSION = YES;
				CLANG_WARN_DEPRECATED_OBJC_IMPLEMENTATIONS = YES;
				CLANG_WARN_DIRECT_OBJC_ISA_USAGE = YES_ERROR;
				CLANG_WARN_DOCUMENTATION_COMMENTS = YES;
				CLANG_WARN_EMPTY_BODY = YES;
				CLANG_WARN_ENUM_CONVERSION = YES;
				CLANG_WARN_INFINITE_RECURSION = YES;
				CLANG_WARN_INT_CONVERSION = YES;
				CLANG_WARN_NON_LITERAL_NULL_CONVERSION = YES;
				CLANG_WARN_OBJC_IMPLICIT_RETAIN_SELF = YES;
				CLANG_WARN_OBJC_LITERAL_CONVERSION = YES;
				CLANG_WARN_OBJC_ROOT_CLASS = YES_ERROR;
				CLANG_WARN_QUOTED_INCLUDE_IN_FRAMEWORK_HEADER = YES;
				CLANG_WARN_RANGE_LOOP_ANALYSIS = YES;
				CLANG_WARN_STRICT_PROTOTYPES = YES;
				CLANG_WARN_SUSPICIOUS_MOVE = YES;
				CLANG_WARN_UNGUARDED_AVAILABILITY = YES_AGGRESSIVE;
				CLANG_WARN_UNREACHABLE_CODE = YES;
				CLANG_WARN__DUPLICATE_METHOD_MATCH = YES;
				COPY_PHASE_STRIP = NO;
				DEBUG_INFORMATION_FORMAT = dwarf;
				ENABLE_STRICT_OBJC_MSGSEND = YES;
				ENABLE_TESTABILITY = YES;
				ENABLE_USER_SCRIPT_SANDBOXING = YES;
				GCC_C_LANGUAGE_STANDARD = gnu17;
				GCC_DYNAMIC_NO_PIC = NO;
				GCC_NO_COMMON_BLOCKS = YES;
				GCC_OPTIMIZATION_LEVEL = 0;
				GCC_PREPROCESSOR_DEFINITIONS = (
					"DEBUG=1",
					"$(inherited)",
				);
				GCC_WARN_64_TO_32_BIT_CONVERSION = YES;
				GCC_WARN_ABOUT_RETURN_TYPE = YES_ERROR;
				GCC_WARN_UNDECLARED_SELECTOR = YES;
				GCC_WARN_UNINITIALIZED_AUTOS = YES_AGGRESSIVE;
				GCC_WARN_UNUSED_FUNCTION = YES;
				GCC_WARN_UNUSED_VARIABLE = YES;
				LOCALIZATION_PREFERS_STRING_CATALOGS = YES;
				MACOSX_DEPLOYMENT_TARGET = 14.0;
				MTL_ENABLE_DEBUG_INFO = INCLUDE_SOURCE;
				MTL_FAST_MATH = YES;
				ONLY_ACTIVE_ARCH = YES;
				SDKROOT = macosx;
			};
			name = Debug;
		};
		BE22A52F2AD45FE50016A4B4 /* Release */ = {
			isa = XCBuildConfiguration;
			buildSettings = {
				ALWAYS_SEARCH_USER_PATHS = NO;
				ASSETCATALOG_COMPILER_GENERATE_SWIFT_ASSET_SYMBOL_EXTENSIONS = YES;
				CLANG_ANALYZER_NONNULL = YES;
				CLANG_ANALYZER_NUMBER_OBJECT_CONVERSION = YES_AGGRESSIVE;
				CLANG_CXX_LANGUAGE_STANDARD = "gnu++20";
				CLANG_ENABLE_MODULES = YES;
				CLANG_ENABLE_OBJC_ARC = YES;
				CLANG_ENABLE_OBJC_WEAK = YES;
				CLANG_WARN_BLOCK_CAPTURE_AUTORELEASING = YES;
				CLANG_WARN_BOOL_CONVERSION = YES;
				CLANG_WARN_COMMA = YES;
				CLANG_WARN_CONSTANT_CONVERSION = YES;
				CLANG_WARN_DEPRECATED_OBJC_IMPLEMENTATIONS = YES;
				CLANG_WARN_DIRECT_OBJC_ISA_USAGE = YES_ERROR;
				CLANG_WARN_DOCUMENTATION_COMMENTS = YES;
				CLANG_WARN_EMPTY_BODY = YES;
				CLANG_WARN_ENUM_CONVERSION = YES;
				CLANG_WARN_INFINITE_RECURSION = YES;
				CLANG_WARN_INT_CONVERSION = YES;
				CLANG_WARN_NON_LITERAL_NULL_CONVERSION = YES;
				CLANG_WARN_OBJC_IMPLICIT_RETAIN_SELF = YES;
				CLANG_WARN_OBJC_LITERAL_CONVERSION = YES;
				CLANG_WARN_OBJC_ROOT_CLASS = YES_ERROR;
				CLANG_WARN_QUOTED_INCLUDE_IN_FRAMEWORK_HEADER = YES;
				CLANG_WARN_RANGE_LOOP_ANALYSIS = YES;
				CLANG_WARN_STRICT_PROTOTYPES = YES;
				CLANG_WARN_SUSPICIOUS_MOVE = YES;
				CLANG_WARN_UNGUARDED_AVAILABILITY = YES_AGGRESSIVE;
				CLANG_WARN_UNREACHABLE_CODE = YES;
				CLANG_WARN__DUPLICATE_METHOD_MATCH = YES;
				COPY_PHASE_STRIP = NO;
				DEBUG_INFORMATION_FORMAT = "dwarf-with-dsym";
				ENABLE_NS_ASSERTIONS = NO;
				ENABLE_STRICT_OBJC_MSGSEND = YES;
				ENABLE_USER_SCRIPT_SANDBOXING = YES;
				GCC_C_LANGUAGE_STANDARD = gnu17;
				GCC_NO_COMMON_BLOCKS = YES;
				GCC_WARN_64_TO_32_BIT_CONVERSION = YES;
				GCC_WARN_ABOUT_RETURN_TYPE = YES_ERROR;
				GCC_WARN_UNDECLARED_SELECTOR = YES;
				GCC_WARN_UNINITIALIZED_AUTOS = YES_AGGRESSIVE;
				GCC_WARN_UNUSED_FUNCTION = YES;
				GCC_WARN_UNUSED_VARIABLE = YES;
				LOCALIZATION_PREFERS_STRING_CATALOGS = YES;
				MACOSX_DEPLOYMENT_TARGET = 14.0;
				MTL_ENABLE_DEBUG_INFO = NO;
				MTL_FAST_MATH = YES;
				SDKROOT = macosx;
			};
			name = Release;
		};
		BE22A5312AD45FE50016A4B4 /* Debug */ = {
			isa = XCBuildConfiguration;
			buildSettings = {
				ASSETCATALOG_COMPILER_APPICON_NAME = AppIcon;
				ASSETCATALOG_COMPILER_GLOBAL_ACCENT_COLOR_NAME = AccentColor;
				CODE_SIGN_ENTITLEMENTS = "Metal Fractals/Metal Fractals.entitlements";
				CODE_SIGN_IDENTITY = "Apple Development";
				CODE_SIGN_STYLE = Automatic;
				COMBINE_HIDPI_IMAGES = YES;
				CURRENT_PROJECT_VERSION = 1;
				DEVELOPMENT_TEAM = P66676D7VX;
				ENABLE_HARDENED_RUNTIME = YES;
				GENERATE_INFOPLIST_FILE = YES;
				INFOPLIST_KEY_NSHumanReadableCopyright = "";
				INFOPLIST_KEY_NSMainStoryboardFile = Main;
				INFOPLIST_KEY_NSPrincipalClass = NSApplication;
				LD_RUNPATH_SEARCH_PATHS = (
					"$(inherited)",
					"@executable_path/../Frameworks",
				);
				MARKETING_VERSION = 1.0;
				PRODUCT_BUNDLE_IDENTIFIER = "com.willfs.Metal-Fractals";
				PRODUCT_NAME = "$(TARGET_NAME)";
				PROVISIONING_PROFILE_SPECIFIER = "";
				SWIFT_EMIT_LOC_STRINGS = YES;
			};
			name = Debug;
		};
		BE22A5322AD45FE50016A4B4 /* Release */ = {
			isa = XCBuildConfiguration;
			buildSettings = {
				ASSETCATALOG_COMPILER_APPICON_NAME = AppIcon;
				ASSETCATALOG_COMPILER_GLOBAL_ACCENT_COLOR_NAME = AccentColor;
				CODE_SIGN_ENTITLEMENTS = "Metal Fractals/Metal Fractals.entitlements";
				CODE_SIGN_IDENTITY = "Apple Development";
				CODE_SIGN_STYLE = Automatic;
				COMBINE_HIDPI_IMAGES = YES;
				CURRENT_PROJECT_VERSION = 1;
				DEVELOPMENT_TEAM = P66676D7VX;
				ENABLE_HARDENED_RUNTIME = YES;
				GENERATE_INFOPLIST_FILE = YES;
				INFOPLIST_KEY_NSHumanReadableCopyright = "";
				INFOPLIST_KEY_NSMainStoryboardFile = Main;
				INFOPLIST_KEY_NSPrincipalClass = NSApplication;
				LD_RUNPATH_SEARCH_PATHS = (
					"$(inherited)",
					"@executable_path/../Frameworks",
				);
				MARKETING_VERSION = 1.0;
				PRODUCT_BUNDLE_IDENTIFIER = "com.willfs.Metal-Fractals";
				PRODUCT_NAME = "$(TARGET_NAME)";
				PROVISIONING_PROFILE_SPECIFIER = "";
				SWIFT_EMIT_LOC_STRINGS = YES;
			};
			name = Release;
		};
/* End XCBuildConfiguration section */

/* Begin XCConfigurationList section */
		BE22A5182AD45FE00016A4B4 /* Build configuration list for PBXProject "Metal Fractals" */ = {
			isa = XCConfigurationList;
			buildConfigurations = (
				BE22A52E2AD45FE50016A4B4 /* Debug */,
				BE22A52F2AD45FE50016A4B4 /* Release */,
			);
			defaultConfigurationIsVisible = 0;
			defaultConfigurationName = Release;
		};
		BE22A5302AD45FE50016A4B4 /* Build configuration list for PBXNativeTarget "Metal Fractals" */ = {
			isa = XCConfigurationList;
			buildConfigurations = (
				BE22A5312AD45FE50016A4B4 /* Debug */,
				BE22A5322AD45FE50016A4B4 /* Release */,
			);
			defaultConfigurationIsVisible = 0;
			defaultConfigurationName = Release;
		};
/* End XCConfigurationList section */
	};
	rootObject = BE22A5152AD45FE00016A4B4 /* Project object */;
}
