// !$*UTF8*$!
{
	archiveVersion = 1;
	classes = {
	};
	objectVersion = 56;
	objects = {

/* Begin PBXBuildFile section */
		BE22A5222AD45FE00016A4B4 /* AppDelegate.m in Sources */ = {isa = PBXBuildFile; fileRef = BE22A5212AD45FE00016A4B4 /* AppDelegate.m */; };
		BE22A5252AD45FE00016A4B4 /* ViewController.m in Sources */ = {isa = PBXBuildFile; fileRef = BE22A5242AD45FE00016A4B4 /* ViewController.m */; };
		BE22A5272AD45FE50016A4B4 /* Assets.xcassets in Resources */ = {isa = PBXBuildFile; fileRef = BE22A5262AD45FE50016A4B4 /* Assets.xcassets */; };
		BE22A52A2AD45FE50016A4B4 /* Main.storyboard in Resources */ = {isa = PBXBuildFile; fileRef = BE22A5282AD45FE50016A4B4 /* Main.storyboard */; };
		BE22A52C2AD45FE50016A4B4 /* main.m in Sources */ = {isa = PBXBuildFile; fileRef = BE22A52B2AD45FE50016A4B4 /* main.m */; };
		BE7DF27F2AD5B38F00C21259 /* ComplexNumber.metal in Sources */ = {isa = PBXBuildFile; fileRef = BE7DF27E2AD5B38F00C21259 /* ComplexNumber.metal */; };
		BE7DF2822AD5BF6000C21259 /* Compute.m in Sources */ = {isa = PBXBuildFile; fileRef = BE7DF2812AD5BF6000C21259 /* Compute.m */; };
		BE7DF2842AD5C01900C21259 /* Compute.metal in Sources */ = {isa = PBXBuildFile; fileRef = BE7DF2832AD5C01800C21259 /* Compute.metal */; };
		BE7DF28C2AD5E50A00C21259 /* KeyHandlingWindowController.m in Sources */ = {isa = PBXBuildFile; fileRef = BE7DF28B2AD5E50A00C21259 /* KeyHandlingWindowController.m */; };
		BED378722AD463C300229B62 /* Renderer.m in Sources */ = {isa = PBXBuildFile; fileRef = BED378712AD463C300229B62 /* Renderer.m */; };
		BED3787B2AD4CF8900229B62 /* Shaders.metal in Sources */ = {isa = PBXBuildFile; fileRef = BED3787A2AD4CF8900229B62 /* Shaders.metal */; };
/* End PBXBuildFile section */

/* Begin PBXFileReference section */
		BE22A51D2AD45FE00016A4B4 /* shaders.app */ = {isa = PBXFileReference; explicitFileType = wrapper.application; includeInIndex = 0; path = shaders.app; sourceTree = BUILT_PRODUCTS_DIR; };
		BE22A5202AD45FE00016A4B4 /* AppDelegate.h */ = {isa = PBXFileReference; lastKnownFileType = sourcecode.c.h; path = AppDelegate.h; sourceTree = "<group>"; };
		BE22A5212AD45FE00016A4B4 /* AppDelegate.m */ = {isa = PBXFileReference; lastKnownFileType = sourcecode.c.objc; path = AppDelegate.m; sourceTree = "<group>"; };
		BE22A5232AD45FE00016A4B4 /* ViewController.h */ = {isa = PBXFileReference; lastKnownFileType = sourcecode.c.h; path = ViewController.h; sourceTree = "<group>"; };
		BE22A5242AD45FE00016A4B4 /* ViewController.m */ = {isa = PBXFileReference; lastKnownFileType = sourcecode.c.objc; path = ViewController.m; sourceTree = "<group>"; };
		BE22A5262AD45FE50016A4B4 /* Assets.xcassets */ = {isa = PBXFileReference; lastKnownFileType = folder.assetcatalog; path = Assets.xcassets; sourceTree = "<group>"; };
		BE22A5292AD45FE50016A4B4 /* Base */ = {isa = PBXFileReference; lastKnownFileType = file.storyboard; name = Base; path = Base.lproj/Main.storyboard; sourceTree = "<group>"; };
		BE22A52B2AD45FE50016A4B4 /* main.m */ = {isa = PBXFileReference; lastKnownFileType = sourcecode.c.objc; path = main.m; sourceTree = "<group>"; };
		BE22A52D2AD45FE50016A4B4 /* shaders.entitlements */ = {isa = PBXFileReference; lastKnownFileType = text.plist.entitlements; path = shaders.entitlements; sourceTree = "<group>"; };
		BE7DF27E2AD5B38F00C21259 /* ComplexNumber.metal */ = {isa = PBXFileReference; lastKnownFileType = sourcecode.metal; path = ComplexNumber.metal; sourceTree = "<group>"; };
		BE7DF2802AD5BF6000C21259 /* Compute.h */ = {isa = PBXFileReference; lastKnownFileType = sourcecode.c.h; path = Compute.h; sourceTree = "<group>"; };
		BE7DF2812AD5BF6000C21259 /* Compute.m */ = {isa = PBXFileReference; lastKnownFileType = sourcecode.c.objc; path = Compute.m; sourceTree = "<group>"; };
		BE7DF2832AD5C01800C21259 /* Compute.metal */ = {isa = PBXFileReference; lastKnownFileType = sourcecode.metal; path = Compute.metal; sourceTree = "<group>"; };
		BE7DF28A2AD5E50A00C21259 /* KeyHandlingWindowController.h */ = {isa = PBXFileReference; lastKnownFileType = sourcecode.c.h; path = KeyHandlingWindowController.h; sourceTree = "<group>"; };
		BE7DF28B2AD5E50A00C21259 /* KeyHandlingWindowController.m */ = {isa = PBXFileReference; lastKnownFileType = sourcecode.c.objc; path = KeyHandlingWindowController.m; sourceTree = "<group>"; };
		BED378702AD463C300229B62 /* Renderer.h */ = {isa = PBXFileReference; lastKnownFileType = sourcecode.c.h; path = Renderer.h; sourceTree = "<group>"; };
		BED378712AD463C300229B62 /* Renderer.m */ = {isa = PBXFileReference; lastKnownFileType = sourcecode.c.objc; path = Renderer.m; sourceTree = "<group>"; };
		BED378752AD4CB9400229B62 /* MetalKit.framework */ = {isa = PBXFileReference; lastKnownFileType = wrapper.framework; name = MetalKit.framework; path = System/Library/Frameworks/MetalKit.framework; sourceTree = SDKROOT; };
		BED378772AD4CBAD00229B62 /* CoreGraphics.framework */ = {isa = PBXFileReference; lastKnownFileType = wrapper.framework; name = CoreGraphics.framework; path = System/Library/Frameworks/CoreGraphics.framework; sourceTree = SDKROOT; };
		BED378792AD4CE8E00229B62 /* ShaderDefinitions.h */ = {isa = PBXFileReference; explicitFileType = sourcecode.c.h; path = ShaderDefinitions.h; sourceTree = "<group>"; };
		BED3787A2AD4CF8900229B62 /* Shaders.metal */ = {isa = PBXFileReference; lastKnownFileType = sourcecode.metal; path = Shaders.metal; sourceTree = "<group>"; };
/* End PBXFileReference section */

/* Begin PBXFrameworksBuildPhase section */
		BE22A51A2AD45FE00016A4B4 /* Frameworks */ = {
			isa = PBXFrameworksBuildPhase;
			buildActionMask = 2147483647;
			files = (
			);
			runOnlyForDeploymentPostprocessing = 0;
		};
/* End PBXFrameworksBuildPhase section */

/* Begin PBXGroup section */
		BE22A5142AD45FE00016A4B4 = {
			isa = PBXGroup;
			children = (
				BE22A51F2AD45FE00016A4B4 /* shaders */,
				BE22A51E2AD45FE00016A4B4 /* Products */,
				BED378742AD4CB9400229B62 /* Frameworks */,
			);
			sourceTree = "<group>";
		};
		BE22A51E2AD45FE00016A4B4 /* Products */ = {
			isa = PBXGroup;
			children = (
				BE22A51D2AD45FE00016A4B4 /* shaders.app */,
			);
			name = Products;
			sourceTree = "<group>";
		};
		BE22A51F2AD45FE00016A4B4 /* shaders */ = {
			isa = PBXGroup;
			children = (
				BE22A5202AD45FE00016A4B4 /* AppDelegate.h */,
				BE22A5212AD45FE00016A4B4 /* AppDelegate.m */,
				BE22A5232AD45FE00016A4B4 /* ViewController.h */,
				BE22A5242AD45FE00016A4B4 /* ViewController.m */,
				BE7DF28A2AD5E50A00C21259 /* KeyHandlingWindowController.h */,
				BE7DF28B2AD5E50A00C21259 /* KeyHandlingWindowController.m */,
				BED378732AD463D300229B62 /* Renderer */,
				BE22A5262AD45FE50016A4B4 /* Assets.xcassets */,
				BE22A5282AD45FE50016A4B4 /* Main.storyboard */,
				BE22A52B2AD45FE50016A4B4 /* main.m */,
				BE22A52D2AD45FE50016A4B4 /* shaders.entitlements */,
			);
			path = shaders;
			sourceTree = "<group>";
		};
		BED378732AD463D300229B62 /* Renderer */ = {
			isa = PBXGroup;
			children = (
				BED378702AD463C300229B62 /* Renderer.h */,
				BED378712AD463C300229B62 /* Renderer.m */,
				BED378792AD4CE8E00229B62 /* ShaderDefinitions.h */,
				BE7DF2802AD5BF6000C21259 /* Compute.h */,
				BE7DF2812AD5BF6000C21259 /* Compute.m */,
				BED3787A2AD4CF8900229B62 /* Shaders.metal */,
				BE7DF2832AD5C01800C21259 /* Compute.metal */,
				BE7DF27E2AD5B38F00C21259 /* ComplexNumber.metal */,
			);
			path = Renderer;
			sourceTree = "<group>";
		};
		BED378742AD4CB9400229B62 /* Frameworks */ = {
			isa = PBXGroup;
			children = (
				BED378772AD4CBAD00229B62 /* CoreGraphics.framework */,
				BED378752AD4CB9400229B62 /* MetalKit.framework */,
			);
			name = Frameworks;
			sourceTree = "<group>";
		};
/* End PBXGroup section */

/* Begin PBXNativeTarget section */
		BE22A51C2AD45FE00016A4B4 /* shaders */ = {
			isa = PBXNativeTarget;
			buildConfigurationList = BE22A5302AD45FE50016A4B4 /* Build configuration list for PBXNativeTarget "shaders" */;
			buildPhases = (
				BE22A5192AD45FE00016A4B4 /* Sources */,
				BE22A51A2AD45FE00016A4B4 /* Frameworks */,
				BE22A51B2AD45FE00016A4B4 /* Resources */,
			);
			buildRules = (
			);
			dependencies = (
			);
			name = shaders;
			productName = shaders;
			productReference = BE22A51D2AD45FE00016A4B4 /* shaders.app */;
			productType = "com.apple.product-type.application";
		};
/* End PBXNativeTarget section */

/* Begin PBXProject section */
		BE22A5152AD45FE00016A4B4 /* Project object */ = {
			isa = PBXProject;
			attributes = {
				BuildIndependentTargetsInParallel = 1;
				LastUpgradeCheck = 1500;
				TargetAttributes = {
					BE22A51C2AD45FE00016A4B4 = {
						CreatedOnToolsVersion = 15.0;
					};
				};
			};
			buildConfigurationList = BE22A5182AD45FE00016A4B4 /* Build configuration list for PBXProject "shaders" */;
			compatibilityVersion = "Xcode 14.0";
			developmentRegion = en;
			hasScannedForEncodings = 0;
			knownRegions = (
				en,
				Base,
			);
			mainGroup = BE22A5142AD45FE00016A4B4;
			productRefGroup = BE22A51E2AD45FE00016A4B4 /* Products */;
			projectDirPath = "";
			projectRoot = "";
			targets = (
				BE22A51C2AD45FE00016A4B4 /* shaders */,
			);
		};
/* End PBXProject section */

/* Begin PBXResourcesBuildPhase section */
		BE22A51B2AD45FE00016A4B4 /* Resources */ = {
			isa = PBXResourcesBuildPhase;
			buildActionMask = 2147483647;
			files = (
				BE22A5272AD45FE50016A4B4 /* Assets.xcassets in Resources */,
				BE22A52A2AD45FE50016A4B4 /* Main.storyboard in Resources */,
			);
			runOnlyForDeploymentPostprocessing = 0;
		};
/* End PBXResourcesBuildPhase section */

/* Begin PBXSourcesBuildPhase section */
		BE22A5192AD45FE00016A4B4 /* Sources */ = {
			isa = PBXSourcesBuildPhase;
			buildActionMask = 2147483647;
			files = (
				BED378722AD463C300229B62 /* Renderer.m in Sources */,
				BE7DF27F2AD5B38F00C21259 /* ComplexNumber.metal in Sources */,
				BE22A5252AD45FE00016A4B4 /* ViewController.m in Sources */,
				BE7DF2842AD5C01900C21259 /* Compute.metal in Sources */,
				BE22A52C2AD45FE50016A4B4 /* main.m in Sources */,
				BE22A5222AD45FE00016A4B4 /* AppDelegate.m in Sources */,
				BE7DF28C2AD5E50A00C21259 /* KeyHandlingWindowController.m in Sources */,
				BE7DF2822AD5BF6000C21259 /* Compute.m in Sources */,
				BED3787B2AD4CF8900229B62 /* Shaders.metal in Sources */,
			);
			runOnlyForDeploymentPostprocessing = 0;
		};
/* End PBXSourcesBuildPhase section */

/* Begin PBXVariantGroup section */
		BE22A5282AD45FE50016A4B4 /* Main.storyboard */ = {
			isa = PBXVariantGroup;
			children = (
				BE22A5292AD45FE50016A4B4 /* Base */,
			);
			name = Main.storyboard;
			sourceTree = "<group>";
		};
/* End PBXVariantGroup section */

/* Begin XCBuildConfiguration section */
		BE22A52E2AD45FE50016A4B4 /* Debug */ = {
			isa = XCBuildConfiguration;
			buildSettings = {
				ALWAYS_SEARCH_USER_PATHS = NO;
				ASSETCATALOG_COMPILER_GENERATE_SWIFT_ASSET_SYMBOL_EXTENSIONS = YES;
				CLANG_ANALYZER_NONNULL = YES;
				CLANG_ANALYZER_NUMBER_OBJECT_CONVERSION = YES_AGGRESSIVE;
				CLANG_CXX_LANGUAGE_STANDARD = "gnu++20";
				CLANG_ENABLE_MODULES = YES;
				CLANG_ENABLE_OBJC_ARC = YES;
				CLANG_ENABLE_OBJC_WEAK = YES;
				CLANG_WARN_BLOCK_CAPTURE_AUTORELEASING = YES;
				CLANG_WARN_BOOL_CONVERSION = YES;
				CLANG_WARN_COMMA = YES;
				CLANG_WARN_CONSTANT_CONVERSION = YES;
				CLANG_WARN_DEPRECATED_OBJC_IMPLEMENTATIONS = YES;
				CLANG_WARN_DIRECT_OBJC_ISA_USAGE = YES_ERROR;
				CLANG_WARN_DOCUMENTATION_COMMENTS = YES;
				CLANG_WARN_EMPTY_BODY = YES;
				CLANG_WARN_ENUM_CONVERSION = YES;
				CLANG_WARN_INFINITE_RECURSION = YES;
				CLANG_WARN_INT_CONVERSION = YES;
				CLANG_WARN_NON_LITERAL_NULL_CONVERSION = YES;
				CLANG_WARN_OBJC_IMPLICIT_RETAIN_SELF = YES;
				CLANG_WARN_OBJC_LITERAL_CONVERSION = YES;
				CLANG_WARN_OBJC_ROOT_CLASS = YES_ERROR;
				CLANG_WARN_QUOTED_INCLUDE_IN_FRAMEWORK_HEADER = YES;
				CLANG_WARN_RANGE_LOOP_ANALYSIS = YES;
				CLANG_WARN_STRICT_PROTOTYPES = YES;
				CLANG_WARN_SUSPICIOUS_MOVE = YES;
				CLANG_WARN_UNGUARDED_AVAILABILITY = YES_AGGRESSIVE;
				CLANG_WARN_UNREACHABLE_CODE = YES;
				CLANG_WARN__DUPLICATE_METHOD_MATCH = YES;
				COPY_PHASE_STRIP = NO;
				DEBUG_INFORMATION_FORMAT = dwarf;
				ENABLE_STRICT_OBJC_MSGSEND = YES;
				ENABLE_TESTABILITY = YES;
				ENABLE_USER_SCRIPT_SANDBOXING = YES;
				GCC_C_LANGUAGE_STANDARD = gnu17;
				GCC_DYNAMIC_NO_PIC = NO;
				GCC_NO_COMMON_BLOCKS = YES;
				GCC_OPTIMIZATION_LEVEL = 0;
				GCC_PREPROCESSOR_DEFINITIONS = (
					"DEBUG=1",
					"$(inherited)",
				);
				GCC_WARN_64_TO_32_BIT_CONVERSION = YES;
				GCC_WARN_ABOUT_RETURN_TYPE = YES_ERROR;
				GCC_WARN_UNDECLARED_SELECTOR = YES;
				GCC_WARN_UNINITIALIZED_AUTOS = YES_AGGRESSIVE;
				GCC_WARN_UNUSED_FUNCTION = YES;
				GCC_WARN_UNUSED_VARIABLE = YES;
				LOCALIZATION_PREFERS_STRING_CATALOGS = YES;
				MACOSX_DEPLOYMENT_TARGET = 14.0;
				MTL_ENABLE_DEBUG_INFO = INCLUDE_SOURCE;
				MTL_FAST_MATH = YES;
				ONLY_ACTIVE_ARCH = YES;
				SDKROOT = macosx;
			};
			name = Debug;
		};
		BE22A52F2AD45FE50016A4B4 /* Release */ = {
			isa = XCBuildConfiguration;
			buildSettings = {
				ALWAYS_SEARCH_USER_PATHS = NO;
				ASSETCATALOG_COMPILER_GENERATE_SWIFT_ASSET_SYMBOL_EXTENSIONS = YES;
				CLANG_ANALYZER_NONNULL = YES;
				CLANG_ANALYZER_NUMBER_OBJECT_CONVERSION = YES_AGGRESSIVE;
				CLANG_CXX_LANGUAGE_STANDARD = "gnu++20";
				CLANG_ENABLE_MODULES = YES;
				CLANG_ENABLE_OBJC_ARC = YES;
				CLANG_ENABLE_OBJC_WEAK = YES;
				CLANG_WARN_BLOCK_CAPTURE_AUTORELEASING = YES;
				CLANG_WARN_BOOL_CONVERSION = YES;
				CLANG_WARN_COMMA = YES;
				CLANG_WARN_CONSTANT_CONVERSION = YES;
				CLANG_WARN_DEPRECATED_OBJC_IMPLEMENTATIONS = YES;
				CLANG_WARN_DIRECT_OBJC_ISA_USAGE = YES_ERROR;
				CLANG_WARN_DOCUMENTATION_COMMENTS = YES;
				CLANG_WARN_EMPTY_BODY = YES;
				CLANG_WARN_ENUM_CONVERSION = YES;
				CLANG_WARN_INFINITE_RECURSION = YES;
				CLANG_WARN_INT_CONVERSION = YES;
				CLANG_WARN_NON_LITERAL_NULL_CONVERSION = YES;
				CLANG_WARN_OBJC_IMPLICIT_RETAIN_SELF = YES;
				CLANG_WARN_OBJC_LITERAL_CONVERSION = YES;
				CLANG_WARN_OBJC_ROOT_CLASS = YES_ERROR;
				CLANG_WARN_QUOTED_INCLUDE_IN_FRAMEWORK_HEADER = YES;
				CLANG_WARN_RANGE_LOOP_ANALYSIS = YES;
				CLANG_WARN_STRICT_PROTOTYPES = YES;
				CLANG_WARN_SUSPICIOUS_MOVE = YES;
				CLANG_WARN_UNGUARDED_AVAILABILITY = YES_AGGRESSIVE;
				CLANG_WARN_UNREACHABLE_CODE = YES;
				CLANG_WARN__DUPLICATE_METHOD_MATCH = YES;
				COPY_PHASE_STRIP = NO;
				DEBUG_INFORMATION_FORMAT = "dwarf-with-dsym";
				ENABLE_NS_ASSERTIONS = NO;
				ENABLE_STRICT_OBJC_MSGSEND = YES;
				ENABLE_USER_SCRIPT_SANDBOXING = YES;
				GCC_C_LANGUAGE_STANDARD = gnu17;
				GCC_NO_COMMON_BLOCKS = YES;
				GCC_WARN_64_TO_32_BIT_CONVERSION = YES;
				GCC_WARN_ABOUT_RETURN_TYPE = YES_ERROR;
				GCC_WARN_UNDECLARED_SELECTOR = YES;
				GCC_WARN_UNINITIALIZED_AUTOS = YES_AGGRESSIVE;
				GCC_WARN_UNUSED_FUNCTION = YES;
				GCC_WARN_UNUSED_VARIABLE = YES;
				LOCALIZATION_PREFERS_STRING_CATALOGS = YES;
				MACOSX_DEPLOYMENT_TARGET = 14.0;
				MTL_ENABLE_DEBUG_INFO = NO;
				MTL_FAST_MATH = YES;
				SDKROOT = macosx;
			};
			name = Release;
		};
		BE22A5312AD45FE50016A4B4 /* Debug */ = {
			isa = XCBuildConfiguration;
			buildSettings = {
				ASSETCATALOG_COMPILER_APPICON_NAME = AppIcon;
				ASSETCATALOG_COMPILER_GLOBAL_ACCENT_COLOR_NAME = AccentColor;
				CODE_SIGN_ENTITLEMENTS = shaders/shaders.entitlements;
				CODE_SIGN_STYLE = Automatic;
				COMBINE_HIDPI_IMAGES = YES;
				CURRENT_PROJECT_VERSION = 1;
				DEVELOPMENT_TEAM = P66676D7VX;
				ENABLE_HARDENED_RUNTIME = YES;
				GENERATE_INFOPLIST_FILE = YES;
				INFOPLIST_KEY_NSHumanReadableCopyright = "";
				INFOPLIST_KEY_NSMainStoryboardFile = Main;
				INFOPLIST_KEY_NSPrincipalClass = NSApplication;
				LD_RUNPATH_SEARCH_PATHS = (
					"$(inherited)",
					"@executable_path/../Frameworks",
				);
				MARKETING_VERSION = 1.0;
				PRODUCT_BUNDLE_IDENTIFIER = com.willfs.shaders;
				PRODUCT_NAME = "$(TARGET_NAME)";
				SWIFT_EMIT_LOC_STRINGS = YES;
			};
			name = Debug;
		};
		BE22A5322AD45FE50016A4B4 /* Release */ = {
			isa = XCBuildConfiguration;
			buildSettings = {
				ASSETCATALOG_COMPILER_APPICON_NAME = AppIcon;
				ASSETCATALOG_COMPILER_GLOBAL_ACCENT_COLOR_NAME = AccentColor;
				CODE_SIGN_ENTITLEMENTS = shaders/shaders.entitlements;
				CODE_SIGN_STYLE = Automatic;
				COMBINE_HIDPI_IMAGES = YES;
				CURRENT_PROJECT_VERSION = 1;
				DEVELOPMENT_TEAM = P66676D7VX;
				ENABLE_HARDENED_RUNTIME = YES;
				GENERATE_INFOPLIST_FILE = YES;
				INFOPLIST_KEY_NSHumanReadableCopyright = "";
				INFOPLIST_KEY_NSMainStoryboardFile = Main;
				INFOPLIST_KEY_NSPrincipalClass = NSApplication;
				LD_RUNPATH_SEARCH_PATHS = (
					"$(inherited)",
					"@executable_path/../Frameworks",
				);
				MARKETING_VERSION = 1.0;
				PRODUCT_BUNDLE_IDENTIFIER = com.willfs.shaders;
				PRODUCT_NAME = "$(TARGET_NAME)";
				SWIFT_EMIT_LOC_STRINGS = YES;
			};
			name = Release;
		};
/* End XCBuildConfiguration section */

/* Begin XCConfigurationList section */
		BE22A5182AD45FE00016A4B4 /* Build configuration list for PBXProject "shaders" */ = {
			isa = XCConfigurationList;
			buildConfigurations = (
				BE22A52E2AD45FE50016A4B4 /* Debug */,
				BE22A52F2AD45FE50016A4B4 /* Release */,
			);
			defaultConfigurationIsVisible = 0;
			defaultConfigurationName = Release;
		};
		BE22A5302AD45FE50016A4B4 /* Build configuration list for PBXNativeTarget "shaders" */ = {
			isa = XCConfigurationList;
			buildConfigurations = (
				BE22A5312AD45FE50016A4B4 /* Debug */,
				BE22A5322AD45FE50016A4B4 /* Release */,
			);
			defaultConfigurationIsVisible = 0;
			defaultConfigurationName = Release;
		};
/* End XCConfigurationList section */
	};
	rootObject = BE22A5152AD45FE00016A4B4 /* Project object */;
}
